// !$*UTF8*$!
{
	archiveVersion = 1;
	classes = {
	};
	objectVersion = 56;
	objects = {

/* Begin PBXBuildFile section */
		424B7DB72A87703E0069EA6B /* ethmunichApp.swift in Sources */ = {isa = PBXBuildFile; fileRef = 424B7DB62A87703E0069EA6B /* ethmunichApp.swift */; };
		424B7DB92A87703E0069EA6B /* ContentView.swift in Sources */ = {isa = PBXBuildFile; fileRef = 424B7DB82A87703E0069EA6B /* ContentView.swift */; };
		424B7DBB2A87703F0069EA6B /* Assets.xcassets in Resources */ = {isa = PBXBuildFile; fileRef = 424B7DBA2A87703F0069EA6B /* Assets.xcassets */; };
		424B7DBE2A87703F0069EA6B /* Preview Assets.xcassets in Resources */ = {isa = PBXBuildFile; fileRef = 424B7DBD2A87703F0069EA6B /* Preview Assets.xcassets */; };
		424B7DC82A87703F0069EA6B /* ethmunichTests.swift in Sources */ = {isa = PBXBuildFile; fileRef = 424B7DC72A87703F0069EA6B /* ethmunichTests.swift */; };
		424B7DD22A87703F0069EA6B /* ethmunichUITests.swift in Sources */ = {isa = PBXBuildFile; fileRef = 424B7DD12A87703F0069EA6B /* ethmunichUITests.swift */; };
		424B7DD42A87703F0069EA6B /* ethmunichUITestsLaunchTests.swift in Sources */ = {isa = PBXBuildFile; fileRef = 424B7DD32A87703F0069EA6B /* ethmunichUITestsLaunchTests.swift */; };
/* End PBXBuildFile section */

/* Begin PBXContainerItemProxy section */
		424B7DC42A87703F0069EA6B /* PBXContainerItemProxy */ = {
			isa = PBXContainerItemProxy;
			containerPortal = 424B7DAB2A87703E0069EA6B /* Project object */;
			proxyType = 1;
			remoteGlobalIDString = 424B7DB22A87703E0069EA6B;
			remoteInfo = ethmunich;
		};
		424B7DCE2A87703F0069EA6B /* PBXContainerItemProxy */ = {
			isa = PBXContainerItemProxy;
			containerPortal = 424B7DAB2A87703E0069EA6B /* Project object */;
			proxyType = 1;
			remoteGlobalIDString = 424B7DB22A87703E0069EA6B;
			remoteInfo = ethmunich;
		};
/* End PBXContainerItemProxy section */

/* Begin PBXFileReference section */
		424B7DB32A87703E0069EA6B /* ethmunich.app */ = {isa = PBXFileReference; explicitFileType = wrapper.application; includeInIndex = 0; path = ethmunich.app; sourceTree = BUILT_PRODUCTS_DIR; };
		424B7DB62A87703E0069EA6B /* ethmunichApp.swift */ = {isa = PBXFileReference; lastKnownFileType = sourcecode.swift; path = ethmunichApp.swift; sourceTree = "<group>"; };
		424B7DB82A87703E0069EA6B /* ContentView.swift */ = {isa = PBXFileReference; lastKnownFileType = sourcecode.swift; path = ContentView.swift; sourceTree = "<group>"; };
		424B7DBA2A87703F0069EA6B /* Assets.xcassets */ = {isa = PBXFileReference; lastKnownFileType = folder.assetcatalog; path = Assets.xcassets; sourceTree = "<group>"; };
		424B7DBD2A87703F0069EA6B /* Preview Assets.xcassets */ = {isa = PBXFileReference; lastKnownFileType = folder.assetcatalog; path = "Preview Assets.xcassets"; sourceTree = "<group>"; };
		424B7DC32A87703F0069EA6B /* ethmunichTests.xctest */ = {isa = PBXFileReference; explicitFileType = wrapper.cfbundle; includeInIndex = 0; path = ethmunichTests.xctest; sourceTree = BUILT_PRODUCTS_DIR; };
		424B7DC72A87703F0069EA6B /* ethmunichTests.swift */ = {isa = PBXFileReference; lastKnownFileType = sourcecode.swift; path = ethmunichTests.swift; sourceTree = "<group>"; };
		424B7DCD2A87703F0069EA6B /* ethmunichUITests.xctest */ = {isa = PBXFileReference; explicitFileType = wrapper.cfbundle; includeInIndex = 0; path = ethmunichUITests.xctest; sourceTree = BUILT_PRODUCTS_DIR; };
		424B7DD12A87703F0069EA6B /* ethmunichUITests.swift */ = {isa = PBXFileReference; lastKnownFileType = sourcecode.swift; path = ethmunichUITests.swift; sourceTree = "<group>"; };
		424B7DD32A87703F0069EA6B /* ethmunichUITestsLaunchTests.swift */ = {isa = PBXFileReference; lastKnownFileType = sourcecode.swift; path = ethmunichUITestsLaunchTests.swift; sourceTree = "<group>"; };
/* End PBXFileReference section */

/* Begin PBXFrameworksBuildPhase section */
		424B7DB02A87703E0069EA6B /* Frameworks */ = {
			isa = PBXFrameworksBuildPhase;
			buildActionMask = 2147483647;
			files = (
			);
			runOnlyForDeploymentPostprocessing = 0;
		};
		424B7DC02A87703F0069EA6B /* Frameworks */ = {
			isa = PBXFrameworksBuildPhase;
			buildActionMask = 2147483647;
			files = (
			);
			runOnlyForDeploymentPostprocessing = 0;
		};
		424B7DCA2A87703F0069EA6B /* Frameworks */ = {
			isa = PBXFrameworksBuildPhase;
			buildActionMask = 2147483647;
			files = (
			);
			runOnlyForDeploymentPostprocessing = 0;
		};
/* End PBXFrameworksBuildPhase section */

/* Begin PBXGroup section */
		424B7DAA2A87703E0069EA6B = {
			isa = PBXGroup;
			children = (
				424B7DB52A87703E0069EA6B /* ethmunich */,
				424B7DC62A87703F0069EA6B /* ethmunichTests */,
				424B7DD02A87703F0069EA6B /* ethmunichUITests */,
				424B7DB42A87703E0069EA6B /* Products */,
			);
			sourceTree = "<group>";
		};
		424B7DB42A87703E0069EA6B /* Products */ = {
			isa = PBXGroup;
			children = (
				424B7DB32A87703E0069EA6B /* ethmunich.app */,
				424B7DC32A87703F0069EA6B /* ethmunichTests.xctest */,
				424B7DCD2A87703F0069EA6B /* ethmunichUITests.xctest */,
			);
			name = Products;
			sourceTree = "<group>";
		};
		424B7DB52A87703E0069EA6B /* ethmunich */ = {
			isa = PBXGroup;
			children = (
				424B7DB62A87703E0069EA6B /* ethmunichApp.swift */,
				424B7DB82A87703E0069EA6B /* ContentView.swift */,
				424B7DBA2A87703F0069EA6B /* Assets.xcassets */,
				424B7DBC2A87703F0069EA6B /* Preview Content */,
			);
			path = ethmunich;
			sourceTree = "<group>";
		};
		424B7DBC2A87703F0069EA6B /* Preview Content */ = {
			isa = PBXGroup;
			children = (
				424B7DBD2A87703F0069EA6B /* Preview Assets.xcassets */,
			);
			path = "Preview Content";
			sourceTree = "<group>";
		};
		424B7DC62A87703F0069EA6B /* ethmunichTests */ = {
			isa = PBXGroup;
			children = (
				424B7DC72A87703F0069EA6B /* ethmunichTests.swift */,
			);
			path = ethmunichTests;
			sourceTree = "<group>";
		};
		424B7DD02A87703F0069EA6B /* ethmunichUITests */ = {
			isa = PBXGroup;
			children = (
				424B7DD12A87703F0069EA6B /* ethmunichUITests.swift */,
				424B7DD32A87703F0069EA6B /* ethmunichUITestsLaunchTests.swift */,
			);
			path = ethmunichUITests;
			sourceTree = "<group>";
		};
/* End PBXGroup section */

/* Begin PBXNativeTarget section */
		424B7DB22A87703E0069EA6B /* ethmunich */ = {
			isa = PBXNativeTarget;
			buildConfigurationList = 424B7DD72A87703F0069EA6B /* Build configuration list for PBXNativeTarget "ethmunich" */;
			buildPhases = (
				424B7DAF2A87703E0069EA6B /* Sources */,
				424B7DB02A87703E0069EA6B /* Frameworks */,
				424B7DB12A87703E0069EA6B /* Resources */,
			);
			buildRules = (
			);
			dependencies = (
			);
			name = ethmunich;
			productName = ethmunich;
			productReference = 424B7DB32A87703E0069EA6B /* ethmunich.app */;
			productType = "com.apple.product-type.application";
		};
		424B7DC22A87703F0069EA6B /* ethmunichTests */ = {
			isa = PBXNativeTarget;
			buildConfigurationList = 424B7DDA2A87703F0069EA6B /* Build configuration list for PBXNativeTarget "ethmunichTests" */;
			buildPhases = (
				424B7DBF2A87703F0069EA6B /* Sources */,
				424B7DC02A87703F0069EA6B /* Frameworks */,
				424B7DC12A87703F0069EA6B /* Resources */,
			);
			buildRules = (
			);
			dependencies = (
				424B7DC52A87703F0069EA6B /* PBXTargetDependency */,
			);
			name = ethmunichTests;
			productName = ethmunichTests;
			productReference = 424B7DC32A87703F0069EA6B /* ethmunichTests.xctest */;
			productType = "com.apple.product-type.bundle.unit-test";
		};
		424B7DCC2A87703F0069EA6B /* ethmunichUITests */ = {
			isa = PBXNativeTarget;
			buildConfigurationList = 424B7DDD2A87703F0069EA6B /* Build configuration list for PBXNativeTarget "ethmunichUITests" */;
			buildPhases = (
				424B7DC92A87703F0069EA6B /* Sources */,
				424B7DCA2A87703F0069EA6B /* Frameworks */,
				424B7DCB2A87703F0069EA6B /* Resources */,
			);
			buildRules = (
			);
			dependencies = (
				424B7DCF2A87703F0069EA6B /* PBXTargetDependency */,
			);
			name = ethmunichUITests;
			productName = ethmunichUITests;
			productReference = 424B7DCD2A87703F0069EA6B /* ethmunichUITests.xctest */;
			productType = "com.apple.product-type.bundle.ui-testing";
		};
/* End PBXNativeTarget section */

/* Begin PBXProject section */
		424B7DAB2A87703E0069EA6B /* Project object */ = {
			isa = PBXProject;
			attributes = {
				BuildIndependentTargetsInParallel = 1;
				LastSwiftUpdateCheck = 1430;
				LastUpgradeCheck = 1430;
				TargetAttributes = {
					424B7DB22A87703E0069EA6B = {
						CreatedOnToolsVersion = 14.3.1;
					};
					424B7DC22A87703F0069EA6B = {
						CreatedOnToolsVersion = 14.3.1;
						TestTargetID = 424B7DB22A87703E0069EA6B;
					};
					424B7DCC2A87703F0069EA6B = {
						CreatedOnToolsVersion = 14.3.1;
						TestTargetID = 424B7DB22A87703E0069EA6B;
					};
				};
			};
			buildConfigurationList = 424B7DAE2A87703E0069EA6B /* Build configuration list for PBXProject "ethmunich" */;
			compatibilityVersion = "Xcode 14.0";
			developmentRegion = en;
			hasScannedForEncodings = 0;
			knownRegions = (
				en,
				Base,
			);
			mainGroup = 424B7DAA2A87703E0069EA6B;
			productRefGroup = 424B7DB42A87703E0069EA6B /* Products */;
			projectDirPath = "";
			projectRoot = "";
			targets = (
				424B7DB22A87703E0069EA6B /* ethmunich */,
				424B7DC22A87703F0069EA6B /* ethmunichTests */,
				424B7DCC2A87703F0069EA6B /* ethmunichUITests */,
			);
		};
/* End PBXProject section */

/* Begin PBXResourcesBuildPhase section */
		424B7DB12A87703E0069EA6B /* Resources */ = {
			isa = PBXResourcesBuildPhase;
			buildActionMask = 2147483647;
			files = (
				424B7DBE2A87703F0069EA6B /* Preview Assets.xcassets in Resources */,
				424B7DBB2A87703F0069EA6B /* Assets.xcassets in Resources */,
			);
			runOnlyForDeploymentPostprocessing = 0;
		};
		424B7DC12A87703F0069EA6B /* Resources */ = {
			isa = PBXResourcesBuildPhase;
			buildActionMask = 2147483647;
			files = (
			);
			runOnlyForDeploymentPostprocessing = 0;
		};
		424B7DCB2A87703F0069EA6B /* Resources */ = {
			isa = PBXResourcesBuildPhase;
			buildActionMask = 2147483647;
			files = (
			);
			runOnlyForDeploymentPostprocessing = 0;
		};
/* End PBXResourcesBuildPhase section */

/* Begin PBXSourcesBuildPhase section */
		424B7DAF2A87703E0069EA6B /* Sources */ = {
			isa = PBXSourcesBuildPhase;
			buildActionMask = 2147483647;
			files = (
				424B7DB92A87703E0069EA6B /* ContentView.swift in Sources */,
				424B7DB72A87703E0069EA6B /* ethmunichApp.swift in Sources */,
			);
			runOnlyForDeploymentPostprocessing = 0;
		};
		424B7DBF2A87703F0069EA6B /* Sources */ = {
			isa = PBXSourcesBuildPhase;
			buildActionMask = 2147483647;
			files = (
				424B7DC82A87703F0069EA6B /* ethmunichTests.swift in Sources */,
			);
			runOnlyForDeploymentPostprocessing = 0;
		};
		424B7DC92A87703F0069EA6B /* Sources */ = {
			isa = PBXSourcesBuildPhase;
			buildActionMask = 2147483647;
			files = (
				424B7DD42A87703F0069EA6B /* ethmunichUITestsLaunchTests.swift in Sources */,
				424B7DD22A87703F0069EA6B /* ethmunichUITests.swift in Sources */,
			);
			runOnlyForDeploymentPostprocessing = 0;
		};
/* End PBXSourcesBuildPhase section */

/* Begin PBXTargetDependency section */
		424B7DC52A87703F0069EA6B /* PBXTargetDependency */ = {
			isa = PBXTargetDependency;
			target = 424B7DB22A87703E0069EA6B /* ethmunich */;
			targetProxy = 424B7DC42A87703F0069EA6B /* PBXContainerItemProxy */;
		};
		424B7DCF2A87703F0069EA6B /* PBXTargetDependency */ = {
			isa = PBXTargetDependency;
			target = 424B7DB22A87703E0069EA6B /* ethmunich */;
			targetProxy = 424B7DCE2A87703F0069EA6B /* PBXContainerItemProxy */;
		};
/* End PBXTargetDependency section */

/* Begin XCBuildConfiguration section */
		424B7DD52A87703F0069EA6B /* Debug */ = {
			isa = XCBuildConfiguration;
			buildSettings = {
				ALWAYS_SEARCH_USER_PATHS = NO;
				CLANG_ANALYZER_NONNULL = YES;
				CLANG_ANALYZER_NUMBER_OBJECT_CONVERSION = YES_AGGRESSIVE;
				CLANG_CXX_LANGUAGE_STANDARD = "gnu++20";
				CLANG_ENABLE_MODULES = YES;
				CLANG_ENABLE_OBJC_ARC = YES;
				CLANG_ENABLE_OBJC_WEAK = YES;
				CLANG_WARN_BLOCK_CAPTURE_AUTORELEASING = YES;
				CLANG_WARN_BOOL_CONVERSION = YES;
				CLANG_WARN_COMMA = YES;
				CLANG_WARN_CONSTANT_CONVERSION = YES;
				CLANG_WARN_DEPRECATED_OBJC_IMPLEMENTATIONS = YES;
				CLANG_WARN_DIRECT_OBJC_ISA_USAGE = YES_ERROR;
				CLANG_WARN_DOCUMENTATION_COMMENTS = YES;
				CLANG_WARN_EMPTY_BODY = YES;
				CLANG_WARN_ENUM_CONVERSION = YES;
				CLANG_WARN_INFINITE_RECURSION = YES;
				CLANG_WARN_INT_CONVERSION = YES;
				CLANG_WARN_NON_LITERAL_NULL_CONVERSION = YES;
				CLANG_WARN_OBJC_IMPLICIT_RETAIN_SELF = YES;
				CLANG_WARN_OBJC_LITERAL_CONVERSION = YES;
				CLANG_WARN_OBJC_ROOT_CLASS = YES_ERROR;
				CLANG_WARN_QUOTED_INCLUDE_IN_FRAMEWORK_HEADER = YES;
				CLANG_WARN_RANGE_LOOP_ANALYSIS = YES;
				CLANG_WARN_STRICT_PROTOTYPES = YES;
				CLANG_WARN_SUSPICIOUS_MOVE = YES;
				CLANG_WARN_UNGUARDED_AVAILABILITY = YES_AGGRESSIVE;
				CLANG_WARN_UNREACHABLE_CODE = YES;
				CLANG_WARN__DUPLICATE_METHOD_MATCH = YES;
				COPY_PHASE_STRIP = NO;
				DEBUG_INFORMATION_FORMAT = dwarf;
				ENABLE_STRICT_OBJC_MSGSEND = YES;
				ENABLE_TESTABILITY = YES;
				GCC_C_LANGUAGE_STANDARD = gnu11;
				GCC_DYNAMIC_NO_PIC = NO;
				GCC_NO_COMMON_BLOCKS = YES;
				GCC_OPTIMIZATION_LEVEL = 0;
				GCC_PREPROCESSOR_DEFINITIONS = (
					"DEBUG=1",
					"$(inherited)",
				);
				GCC_WARN_64_TO_32_BIT_CONVERSION = YES;
				GCC_WARN_ABOUT_RETURN_TYPE = YES_ERROR;
				GCC_WARN_UNDECLARED_SELECTOR = YES;
				GCC_WARN_UNINITIALIZED_AUTOS = YES_AGGRESSIVE;
				GCC_WARN_UNUSED_FUNCTION = YES;
				GCC_WARN_UNUSED_VARIABLE = YES;
				IPHONEOS_DEPLOYMENT_TARGET = 16.4;
				MTL_ENABLE_DEBUG_INFO = INCLUDE_SOURCE;
				MTL_FAST_MATH = YES;
				ONLY_ACTIVE_ARCH = YES;
				SDKROOT = iphoneos;
				SWIFT_ACTIVE_COMPILATION_CONDITIONS = DEBUG;
				SWIFT_OPTIMIZATION_LEVEL = "-Onone";
			};
			name = Debug;
		};
		424B7DD62A87703F0069EA6B /* Release */ = {
			isa = XCBuildConfiguration;
			buildSettings = {
				ALWAYS_SEARCH_USER_PATHS = NO;
				CLANG_ANALYZER_NONNULL = YES;
				CLANG_ANALYZER_NUMBER_OBJECT_CONVERSION = YES_AGGRESSIVE;
				CLANG_CXX_LANGUAGE_STANDARD = "gnu++20";
				CLANG_ENABLE_MODULES = YES;
				CLANG_ENABLE_OBJC_ARC = YES;
				CLANG_ENABLE_OBJC_WEAK = YES;
				CLANG_WARN_BLOCK_CAPTURE_AUTORELEASING = YES;
				CLANG_WARN_BOOL_CONVERSION = YES;
				CLANG_WARN_COMMA = YES;
				CLANG_WARN_CONSTANT_CONVERSION = YES;
				CLANG_WARN_DEPRECATED_OBJC_IMPLEMENTATIONS = YES;
				CLANG_WARN_DIRECT_OBJC_ISA_USAGE = YES_ERROR;
				CLANG_WARN_DOCUMENTATION_COMMENTS = YES;
				CLANG_WARN_EMPTY_BODY = YES;
				CLANG_WARN_ENUM_CONVERSION = YES;
				CLANG_WARN_INFINITE_RECURSION = YES;
				CLANG_WARN_INT_CONVERSION = YES;
				CLANG_WARN_NON_LITERAL_NULL_CONVERSION = YES;
				CLANG_WARN_OBJC_IMPLICIT_RETAIN_SELF = YES;
				CLANG_WARN_OBJC_LITERAL_CONVERSION = YES;
				CLANG_WARN_OBJC_ROOT_CLASS = YES_ERROR;
				CLANG_WARN_QUOTED_INCLUDE_IN_FRAMEWORK_HEADER = YES;
				CLANG_WARN_RANGE_LOOP_ANALYSIS = YES;
				CLANG_WARN_STRICT_PROTOTYPES = YES;
				CLANG_WARN_SUSPICIOUS_MOVE = YES;
				CLANG_WARN_UNGUARDED_AVAILABILITY = YES_AGGRESSIVE;
				CLANG_WARN_UNREACHABLE_CODE = YES;
				CLANG_WARN__DUPLICATE_METHOD_MATCH = YES;
				COPY_PHASE_STRIP = NO;
				DEBUG_INFORMATION_FORMAT = "dwarf-with-dsym";
				ENABLE_NS_ASSERTIONS = NO;
				ENABLE_STRICT_OBJC_MSGSEND = YES;
				GCC_C_LANGUAGE_STANDARD = gnu11;
				GCC_NO_COMMON_BLOCKS = YES;
				GCC_WARN_64_TO_32_BIT_CONVERSION = YES;
				GCC_WARN_ABOUT_RETURN_TYPE = YES_ERROR;
				GCC_WARN_UNDECLARED_SELECTOR = YES;
				GCC_WARN_UNINITIALIZED_AUTOS = YES_AGGRESSIVE;
				GCC_WARN_UNUSED_FUNCTION = YES;
				GCC_WARN_UNUSED_VARIABLE = YES;
				IPHONEOS_DEPLOYMENT_TARGET = 16.4;
				MTL_ENABLE_DEBUG_INFO = NO;
				MTL_FAST_MATH = YES;
				SDKROOT = iphoneos;
				SWIFT_COMPILATION_MODE = wholemodule;
				SWIFT_OPTIMIZATION_LEVEL = "-O";
				VALIDATE_PRODUCT = YES;
			};
			name = Release;
		};
		424B7DD82A87703F0069EA6B /* Debug */ = {
			isa = XCBuildConfiguration;
			buildSettings = {
				ASSETCATALOG_COMPILER_APPICON_NAME = AppIcon;
				ASSETCATALOG_COMPILER_GLOBAL_ACCENT_COLOR_NAME = AccentColor;
				CODE_SIGN_STYLE = Automatic;
				CURRENT_PROJECT_VERSION = 1;
				DEVELOPMENT_ASSET_PATHS = "\"ethmunich/Preview Content\"";
				DEVELOPMENT_TEAM = SR29XA88VK;
				ENABLE_PREVIEWS = YES;
				GENERATE_INFOPLIST_FILE = YES;
				INFOPLIST_KEY_UIApplicationSceneManifest_Generation = YES;
				INFOPLIST_KEY_UIApplicationSupportsIndirectInputEvents = YES;
				INFOPLIST_KEY_UILaunchScreen_Generation = YES;
				INFOPLIST_KEY_UISupportedInterfaceOrientations_iPad = "UIInterfaceOrientationPortrait UIInterfaceOrientationPortraitUpsideDown UIInterfaceOrientationLandscapeLeft UIInterfaceOrientationLandscapeRight";
				INFOPLIST_KEY_UISupportedInterfaceOrientations_iPhone = "UIInterfaceOrientationPortrait UIInterfaceOrientationLandscapeLeft UIInterfaceOrientationLandscapeRight";
				LD_RUNPATH_SEARCH_PATHS = (
					"$(inherited)",
					"@executable_path/Frameworks",
				);
				MARKETING_VERSION = 1.0;
				PRODUCT_BUNDLE_IDENTIFIER = com.ethmunich;
				PRODUCT_NAME = "$(TARGET_NAME)";
				SWIFT_EMIT_LOC_STRINGS = YES;
				SWIFT_VERSION = 5.0;
				TARGETED_DEVICE_FAMILY = "1,2";
			};
			name = Debug;
		};
		424B7DD92A87703F0069EA6B /* Release */ = {
			isa = XCBuildConfiguration;
			buildSettings = {
				ASSETCATALOG_COMPILER_APPICON_NAME = AppIcon;
				ASSETCATALOG_COMPILER_GLOBAL_ACCENT_COLOR_NAME = AccentColor;
				CODE_SIGN_STYLE = Automatic;
				CURRENT_PROJECT_VERSION = 1;
				DEVELOPMENT_ASSET_PATHS = "\"ethmunich/Preview Content\"";
				DEVELOPMENT_TEAM = SR29XA88VK;
				ENABLE_PREVIEWS = YES;
				GENERATE_INFOPLIST_FILE = YES;
				INFOPLIST_KEY_UIApplicationSceneManifest_Generation = YES;
				INFOPLIST_KEY_UIApplicationSupportsIndirectInputEvents = YES;
				INFOPLIST_KEY_UILaunchScreen_Generation = YES;
				INFOPLIST_KEY_UISupportedInterfaceOrientations_iPad = "UIInterfaceOrientationPortrait UIInterfaceOrientationPortraitUpsideDown UIInterfaceOrientationLandscapeLeft UIInterfaceOrientationLandscapeRight";
				INFOPLIST_KEY_UISupportedInterfaceOrientations_iPhone = "UIInterfaceOrientationPortrait UIInterfaceOrientationLandscapeLeft UIInterfaceOrientationLandscapeRight";
				LD_RUNPATH_SEARCH_PATHS = (
					"$(inherited)",
					"@executable_path/Frameworks",
				);
				MARKETING_VERSION = 1.0;
				PRODUCT_BUNDLE_IDENTIFIER = com.ethmunich;
				PRODUCT_NAME = "$(TARGET_NAME)";
				SWIFT_EMIT_LOC_STRINGS = YES;
				SWIFT_VERSION = 5.0;
				TARGETED_DEVICE_FAMILY = "1,2";
			};
			name = Release;
		};
		424B7DDB2A87703F0069EA6B /* Debug */ = {
			isa = XCBuildConfiguration;
			buildSettings = {
				ALWAYS_EMBED_SWIFT_STANDARD_LIBRARIES = YES;
				BUNDLE_LOADER = "$(TEST_HOST)";
				CODE_SIGN_STYLE = Automatic;
				CURRENT_PROJECT_VERSION = 1;
				DEVELOPMENT_TEAM = SR29XA88VK;
				GENERATE_INFOPLIST_FILE = YES;
				IPHONEOS_DEPLOYMENT_TARGET = 16.4;
				MARKETING_VERSION = 1.0;
				PRODUCT_BUNDLE_IDENTIFIER = com.ethmunichTests;
				PRODUCT_NAME = "$(TARGET_NAME)";
				SWIFT_EMIT_LOC_STRINGS = NO;
				SWIFT_VERSION = 5.0;
				TARGETED_DEVICE_FAMILY = "1,2";
				TEST_HOST = "$(BUILT_PRODUCTS_DIR)/ethmunich.app/$(BUNDLE_EXECUTABLE_FOLDER_PATH)/ethmunich";
			};
			name = Debug;
		};
		424B7DDC2A87703F0069EA6B /* Release */ = {
			isa = XCBuildConfiguration;
			buildSettings = {
				ALWAYS_EMBED_SWIFT_STANDARD_LIBRARIES = YES;
				BUNDLE_LOADER = "$(TEST_HOST)";
				CODE_SIGN_STYLE = Automatic;
				CURRENT_PROJECT_VERSION = 1;
				DEVELOPMENT_TEAM = SR29XA88VK;
				GENERATE_INFOPLIST_FILE = YES;
				IPHONEOS_DEPLOYMENT_TARGET = 16.4;
				MARKETING_VERSION = 1.0;
				PRODUCT_BUNDLE_IDENTIFIER = com.ethmunichTests;
				PRODUCT_NAME = "$(TARGET_NAME)";
				SWIFT_EMIT_LOC_STRINGS = NO;
				SWIFT_VERSION = 5.0;
				TARGETED_DEVICE_FAMILY = "1,2";
				TEST_HOST = "$(BUILT_PRODUCTS_DIR)/ethmunich.app/$(BUNDLE_EXECUTABLE_FOLDER_PATH)/ethmunich";
			};
			name = Release;
		};
		424B7DDE2A87703F0069EA6B /* Debug */ = {
			isa = XCBuildConfiguration;
			buildSettings = {
				ALWAYS_EMBED_SWIFT_STANDARD_LIBRARIES = YES;
				CODE_SIGN_STYLE = Automatic;
				CURRENT_PROJECT_VERSION = 1;
				DEVELOPMENT_TEAM = SR29XA88VK;
				GENERATE_INFOPLIST_FILE = YES;
				MARKETING_VERSION = 1.0;
				PRODUCT_BUNDLE_IDENTIFIER = com.ethmunichUITests;
				PRODUCT_NAME = "$(TARGET_NAME)";
				SWIFT_EMIT_LOC_STRINGS = NO;
				SWIFT_VERSION = 5.0;
				TARGETED_DEVICE_FAMILY = "1,2";
				TEST_TARGET_NAME = ethmunich;
			};
			name = Debug;
		};
		424B7DDF2A87703F0069EA6B /* Release */ = {
			isa = XCBuildConfiguration;
			buildSettings = {
				ALWAYS_EMBED_SWIFT_STANDARD_LIBRARIES = YES;
				CODE_SIGN_STYLE = Automatic;
				CURRENT_PROJECT_VERSION = 1;
				DEVELOPMENT_TEAM = SR29XA88VK;
				GENERATE_INFOPLIST_FILE = YES;
				MARKETING_VERSION = 1.0;
				PRODUCT_BUNDLE_IDENTIFIER = com.ethmunichUITests;
				PRODUCT_NAME = "$(TARGET_NAME)";
				SWIFT_EMIT_LOC_STRINGS = NO;
				SWIFT_VERSION = 5.0;
				TARGETED_DEVICE_FAMILY = "1,2";
				TEST_TARGET_NAME = ethmunich;
			};
			name = Release;
		};
/* End XCBuildConfiguration section */

/* Begin XCConfigurationList section */
		424B7DAE2A87703E0069EA6B /* Build configuration list for PBXProject "ethmunich" */ = {
			isa = XCConfigurationList;
			buildConfigurations = (
				424B7DD52A87703F0069EA6B /* Debug */,
				424B7DD62A87703F0069EA6B /* Release */,
			);
			defaultConfigurationIsVisible = 0;
			defaultConfigurationName = Release;
		};
		424B7DD72A87703F0069EA6B /* Build configuration list for PBXNativeTarget "ethmunich" */ = {
			isa = XCConfigurationList;
			buildConfigurations = (
				424B7DD82A87703F0069EA6B /* Debug */,
				424B7DD92A87703F0069EA6B /* Release */,
			);
			defaultConfigurationIsVisible = 0;
			defaultConfigurationName = Release;
		};
		424B7DDA2A87703F0069EA6B /* Build configuration list for PBXNativeTarget "ethmunichTests" */ = {
			isa = XCConfigurationList;
			buildConfigurations = (
				424B7DDB2A87703F0069EA6B /* Debug */,
				424B7DDC2A87703F0069EA6B /* Release */,
			);
			defaultConfigurationIsVisible = 0;
			defaultConfigurationName = Release;
		};
		424B7DDD2A87703F0069EA6B /* Build configuration list for PBXNativeTarget "ethmunichUITests" */ = {
			isa = XCConfigurationList;
			buildConfigurations = (
				424B7DDE2A87703F0069EA6B /* Debug */,
				424B7DDF2A87703F0069EA6B /* Release */,
			);
			defaultConfigurationIsVisible = 0;
			defaultConfigurationName = Release;
		};
/* End XCConfigurationList section */
	};
	rootObject = 424B7DAB2A87703E0069EA6B /* Project object */;
}
